{
  "name": "recruit-ai-python",
  "version": "1.0.0",
  "lockfileVersion": 3,
  "requires": true,
  "packages": {
    "": {
      "name": "recruit-ai-python",
      "version": "1.0.0",
      "dependencies": {
        "pinecone-client": "^2.0.0"
      }
    },
    "node_modules/ky": {
      "version": "1.14.3",
      "resolved": "https://registry.npmjs.org/ky/-/ky-1.14.3.tgz",
      "integrity": "sha512-9zy9lkjac+TR1c2tG+mkNSVlyOpInnWdSMiue4F+kq8TwJSgv6o8jhLRg8Ho6SnZ9wOYUq/yozts9qQCfk7bIw==",
      "license": "MIT",
      "engines": {
        "node": ">=18"
      },
      "funding": {
        "url": "https://github.com/sindresorhus/ky?sponsor=1"
      }
    },
    "node_modules/pinecone-client": {
      "version": "2.0.0",
      "resolved": "https://registry.npmjs.org/pinecone-client/-/pinecone-client-2.0.0.tgz",
      "integrity": "sha512-CxpKuck4zxi/LaGaTrnWQNs9NmXiMB3UtynOhD6dVDoWRKGEXmgRbSFipMUdqGyyQEKMFXzTKvzo4qMHi2Gj8Q==",
      "license": "MIT",
      "dependencies": {
        "ky": "^1.1.0"
      },
      "engines": {
        "node": ">=18"
      }
    }
  }
}
